
Microsoft Visual Studio Solution File, Format Version 12.00
# Visual Studio 15
VisualStudioVersion = 15.0.28307.1300
MinimumVisualStudioVersion = 10.0.40219.1
Project("{FAE04EC0-301F-11D3-BF4B-00C04F79EFBC}") = "Prome", "Prome\Prome.csproj", "{A8C85367-2DCE-46D5-AD22-8D29DEE6433A}"
EndProject
Global
	GlobalSection(SolutionConfigurationPlatforms) = preSolution
		Debug|Any CPU = Debug|Any CPU
		Release|Any CPU = Release|Any CPU
	EndGlobalSection
	GlobalSection(ProjectConfigurationPlatforms) = postSolution
		{A8C85367-2DCE-46D5-AD22-8D29DEE6433A}.Debug|Any CPU.ActiveCfg = Debug|Any CPU
		{A8C85367-2DCE-46D5-AD22-8D29DEE6433A}.Debug|Any CPU.Build.0 = Debug|Any CPU
		{A8C85367-2DCE-46D5-AD22-8D29DEE6433A}.Release|Any CPU.ActiveCfg = Release|Any CPU
		{A8C85367-2DCE-46D5-AD22-8D29DEE6433A}.Release|Any CPU.Build.0 = Release|Any CPU
	EndGlobalSection
	GlobalSection(SolutionProperties) = preSolution
		HideSolutionNode = FALSE
	EndGlobalSection
	GlobalSection(ExtensibilityGlobals) = postSolution
		SolutionGuid = {182B0676-1AC5-4FC8-A222-42CE27EAE940}
	EndGlobalSection
EndGlobal
